
Microsoft Visual Studio Solution File, Format Version 12.00
# Visual Studio Version 17
VisualStudioVersion = 17.3.32819.101
MinimumVisualStudioVersion = 10.0.40219.1
Project("{FAE04EC0-301F-11D3-BF4B-00C04F79EFBC}") = "Go", "Go\Go.csproj", "{398C4A40-A3D6-4BF1-B6C3-36EA04376644}"
EndProject
Global
	GlobalSection(SolutionConfigurationPlatforms) = preSolution
		Debug|Any CPU = Debug|Any CPU
		Release|Any CPU = Release|Any CPU
	EndGlobalSection
	GlobalSection(ProjectConfigurationPlatforms) = postSolution
		{398C4A40-A3D6-4BF1-B6C3-36EA04376644}.Debug|Any CPU.ActiveCfg = Debug|Any CPU
		{398C4A40-A3D6-4BF1-B6C3-36EA04376644}.Debug|Any CPU.Build.0 = Debug|Any CPU
		{398C4A40-A3D6-4BF1-B6C3-36EA04376644}.Release|Any CPU.ActiveCfg = Release|Any CPU
		{398C4A40-A3D6-4BF1-B6C3-36EA04376644}.Release|Any CPU.Build.0 = Release|Any CPU
	EndGlobalSection
	GlobalSection(SolutionProperties) = preSolution
		HideSolutionNode = FALSE
	EndGlobalSection
	GlobalSection(ExtensibilityGlobals) = postSolution
		SolutionGuid = {E99B3B8F-EA4B-4065-B252-C36EF46E4A4C}
	EndGlobalSection
EndGlobal
